
Microsoft Visual Studio Solution File, Format Version 12.00
# Visual Studio Version 17
VisualStudioVersion = 17.11.35327.3
MinimumVisualStudioVersion = 10.0.40219.1
Project("{FAE04EC0-301F-11D3-BF4B-00C04F79EFBC}") = "StokTakipSistemi", "StokTakipSistemi\StokTakipSistemi.csproj", "{5EDD19CD-C768-4B0C-9556-013D357B8EE7}"
EndProject
Global
	GlobalSection(SolutionConfigurationPlatforms) = preSolution
		Debug|Any CPU = Debug|Any CPU
		Release|Any CPU = Release|Any CPU
	EndGlobalSection
	GlobalSection(ProjectConfigurationPlatforms) = postSolution
		{5EDD19CD-C768-4B0C-9556-013D357B8EE7}.Debug|Any CPU.ActiveCfg = Debug|Any CPU
		{5EDD19CD-C768-4B0C-9556-013D357B8EE7}.Debug|Any CPU.Build.0 = Debug|Any CPU
		{5EDD19CD-C768-4B0C-9556-013D357B8EE7}.Release|Any CPU.ActiveCfg = Release|Any CPU
		{5EDD19CD-C768-4B0C-9556-013D357B8EE7}.Release|Any CPU.Build.0 = Release|Any CPU
	EndGlobalSection
	GlobalSection(SolutionProperties) = preSolution
		HideSolutionNode = FALSE
	EndGlobalSection
	GlobalSection(ExtensibilityGlobals) = postSolution
		SolutionGuid = {6606ABFB-325C-4F6B-BDAF-C34EABF11007}
	EndGlobalSection
EndGlobal
